dependencies:
- name: grafana
  repository: https://grafana-community.github.io/helm-charts
  version: 11.3.6
- name: grafana-mcp
  repository: https://grafana-community.github.io/helm-charts
  version: 0.9.0
- name: gatus-monitor
  repository: file://../../../templates/gatus-monitor
  version: 1.0.0
digest: sha256:de7e204eee27ee98322eea84e487f83b1d2ae45b939ce8f2ffda6b8e4147659b
generated: "2026-03-29T20:40:08.047223+02:00"
